
Microsoft Visual Studio Solution File, Format Version 12.00
# Visual Studio Version 17
VisualStudioVersion = 17.0.31903.59
MinimumVisualStudioVersion = 10.0.40219.1
Project("{FAE04EC0-301F-11D3-BF4B-00C04F79EFBC}") = "StudentService", "StudentService\StudentService.csproj", "{D0E5BA2D-E559-43B1-8FD4-B036A5457B6B}"
EndProject
Project("{FAE04EC0-301F-11D3-BF4B-00C04F79EFBC}") = "FeesService", "FeesService\FeesService.csproj", "{50892936-2C17-4701-88F0-AFFDCE37B5E7}"
EndProject
Project("{FAE04EC0-301F-11D3-BF4B-00C04F79EFBC}") = "APIGateway", "APIGateway\APIGateway.csproj", "{5BEEB352-54F7-44EF-8512-F7C17000E9BF}"
EndProject
Global
	GlobalSection(SolutionConfigurationPlatforms) = preSolution
		Debug|Any CPU = Debug|Any CPU
		Debug|x64 = Debug|x64
		Debug|x86 = Debug|x86
		Release|Any CPU = Release|Any CPU
		Release|x64 = Release|x64
		Release|x86 = Release|x86
	EndGlobalSection
	GlobalSection(ProjectConfigurationPlatforms) = postSolution
		{D0E5BA2D-E559-43B1-8FD4-B036A5457B6B}.Debug|Any CPU.ActiveCfg = Debug|Any CPU
		{D0E5BA2D-E559-43B1-8FD4-B036A5457B6B}.Debug|Any CPU.Build.0 = Debug|Any CPU
		{D0E5BA2D-E559-43B1-8FD4-B036A5457B6B}.Debug|x64.ActiveCfg = Debug|Any CPU
		{D0E5BA2D-E559-43B1-8FD4-B036A5457B6B}.Debug|x64.Build.0 = Debug|Any CPU
		{D0E5BA2D-E559-43B1-8FD4-B036A5457B6B}.Debug|x86.ActiveCfg = Debug|Any CPU
		{D0E5BA2D-E559-43B1-8FD4-B036A5457B6B}.Debug|x86.Build.0 = Debug|Any CPU
		{D0E5BA2D-E559-43B1-8FD4-B036A5457B6B}.Release|Any CPU.ActiveCfg = Release|Any CPU
		{D0E5BA2D-E559-43B1-8FD4-B036A5457B6B}.Release|Any CPU.Build.0 = Release|Any CPU
		{D0E5BA2D-E559-43B1-8FD4-B036A5457B6B}.Release|x64.ActiveCfg = Release|Any CPU
		{D0E5BA2D-E559-43B1-8FD4-B036A5457B6B}.Release|x64.Build.0 = Release|Any CPU
		{D0E5BA2D-E559-43B1-8FD4-B036A5457B6B}.Release|x86.ActiveCfg = Release|Any CPU
		{D0E5BA2D-E559-43B1-8FD4-B036A5457B6B}.Release|x86.Build.0 = Release|Any CPU
		{50892936-2C17-4701-88F0-AFFDCE37B5E7}.Debug|Any CPU.ActiveCfg = Debug|Any CPU
		{50892936-2C17-4701-88F0-AFFDCE37B5E7}.Debug|Any CPU.Build.0 = Debug|Any CPU
		{50892936-2C17-4701-88F0-AFFDCE37B5E7}.Debug|x64.ActiveCfg = Debug|Any CPU
		{50892936-2C17-4701-88F0-AFFDCE37B5E7}.Debug|x64.Build.0 = Debug|Any CPU
		{50892936-2C17-4701-88F0-AFFDCE37B5E7}.Debug|x86.ActiveCfg = Debug|Any CPU
		{50892936-2C17-4701-88F0-AFFDCE37B5E7}.Debug|x86.Build.0 = Debug|Any CPU
		{50892936-2C17-4701-88F0-AFFDCE37B5E7}.Release|Any CPU.ActiveCfg = Release|Any CPU
		{50892936-2C17-4701-88F0-AFFDCE37B5E7}.Release|Any CPU.Build.0 = Release|Any CPU
		{50892936-2C17-4701-88F0-AFFDCE37B5E7}.Release|x64.ActiveCfg = Release|Any CPU
		{50892936-2C17-4701-88F0-AFFDCE37B5E7}.Release|x64.Build.0 = Release|Any CPU
		{50892936-2C17-4701-88F0-AFFDCE37B5E7}.Release|x86.ActiveCfg = Release|Any CPU
		{50892936-2C17-4701-88F0-AFFDCE37B5E7}.Release|x86.Build.0 = Release|Any CPU
		{5BEEB352-54F7-44EF-8512-F7C17000E9BF}.Debug|Any CPU.ActiveCfg = Debug|Any CPU
		{5BEEB352-54F7-44EF-8512-F7C17000E9BF}.Debug|Any CPU.Build.0 = Debug|Any CPU
		{5BEEB352-54F7-44EF-8512-F7C17000E9BF}.Debug|x64.ActiveCfg = Debug|Any CPU
		{5BEEB352-54F7-44EF-8512-F7C17000E9BF}.Debug|x64.Build.0 = Debug|Any CPU
		{5BEEB352-54F7-44EF-8512-F7C17000E9BF}.Debug|x86.ActiveCfg = Debug|Any CPU
		{5BEEB352-54F7-44EF-8512-F7C17000E9BF}.Debug|x86.Build.0 = Debug|Any CPU
		{5BEEB352-54F7-44EF-8512-F7C17000E9BF}.Release|Any CPU.ActiveCfg = Release|Any CPU
		{5BEEB352-54F7-44EF-8512-F7C17000E9BF}.Release|Any CPU.Build.0 = Release|Any CPU
		{5BEEB352-54F7-44EF-8512-F7C17000E9BF}.Release|x64.ActiveCfg = Release|Any CPU
		{5BEEB352-54F7-44EF-8512-F7C17000E9BF}.Release|x64.Build.0 = Release|Any CPU
		{5BEEB352-54F7-44EF-8512-F7C17000E9BF}.Release|x86.ActiveCfg = Release|Any CPU
		{5BEEB352-54F7-44EF-8512-F7C17000E9BF}.Release|x86.Build.0 = Release|Any CPU
	EndGlobalSection
	GlobalSection(SolutionProperties) = preSolution
		HideSolutionNode = FALSE
	EndGlobalSection
EndGlobal
